
Microsoft Visual Studio Solution File, Format Version 12.00
# Visual Studio 15
VisualStudioVersion = 15.0.28307.2092
MinimumVisualStudioVersion = 10.0.40219.1
Project("{FAE04EC0-301F-11D3-BF4B-00C04F79EFBC}") = "BasicCalaulator", "BasicCalaulator\BasicCalaulator.csproj", "{C348B335-55E2-4406-A89D-A9672AC5E01C}"
EndProject
Global
	GlobalSection(SolutionConfigurationPlatforms) = preSolution
		Debug|Any CPU = Debug|Any CPU
		Release|Any CPU = Release|Any CPU
	EndGlobalSection
	GlobalSection(ProjectConfigurationPlatforms) = postSolution
		{C348B335-55E2-4406-A89D-A9672AC5E01C}.Debug|Any CPU.ActiveCfg = Debug|Any CPU
		{C348B335-55E2-4406-A89D-A9672AC5E01C}.Debug|Any CPU.Build.0 = Debug|Any CPU
		{C348B335-55E2-4406-A89D-A9672AC5E01C}.Release|Any CPU.ActiveCfg = Release|Any CPU
		{C348B335-55E2-4406-A89D-A9672AC5E01C}.Release|Any CPU.Build.0 = Release|Any CPU
	EndGlobalSection
	GlobalSection(SolutionProperties) = preSolution
		HideSolutionNode = FALSE
	EndGlobalSection
	GlobalSection(ExtensibilityGlobals) = postSolution
		SolutionGuid = {FDFAA0A8-A272-46D6-8CFF-495F16F728E5}
	EndGlobalSection
EndGlobal
